
Microsoft Visual Studio Solution File, Format Version 12.00
# Visual Studio Version 16
VisualStudioVersion = 16.0.31229.75
MinimumVisualStudioVersion = 10.0.40219.1
Project("{FAE04EC0-301F-11D3-BF4B-00C04F79EFBC}") = "Lab10", "Lab10.csproj", "{AB3C06E7-878D-488A-978F-CD8EFF54174F}"
EndProject
Global
	GlobalSection(SolutionConfigurationPlatforms) = preSolution
		Debug|Any CPU = Debug|Any CPU
		Release|Any CPU = Release|Any CPU
	EndGlobalSection
	GlobalSection(ProjectConfigurationPlatforms) = postSolution
		{AB3C06E7-878D-488A-978F-CD8EFF54174F}.Debug|Any CPU.ActiveCfg = Debug|Any CPU
		{AB3C06E7-878D-488A-978F-CD8EFF54174F}.Debug|Any CPU.Build.0 = Debug|Any CPU
		{AB3C06E7-878D-488A-978F-CD8EFF54174F}.Release|Any CPU.ActiveCfg = Release|Any CPU
		{AB3C06E7-878D-488A-978F-CD8EFF54174F}.Release|Any CPU.Build.0 = Release|Any CPU
	EndGlobalSection
	GlobalSection(SolutionProperties) = preSolution
		HideSolutionNode = FALSE
	EndGlobalSection
	GlobalSection(ExtensibilityGlobals) = postSolution
		SolutionGuid = {0615364C-9BFB-48CC-BBFC-63D75BAD26F6}
	EndGlobalSection
EndGlobal
